// !$*UTF8*$!
{
	archiveVersion = 1;
	classes = {
	};
	objectVersion = 46;
	objects = {

/* Begin PBXBuildFile section */
		017EA8D81D9AC9D400824A88 /* AppDelegate.swift in Sources */ = {isa = PBXBuildFile; fileRef = 017EA8D71D9AC9D400824A88 /* AppDelegate.swift */; };
		017EA8DA1D9AC9D400824A88 /* ViewController.swift in Sources */ = {isa = PBXBuildFile; fileRef = 017EA8D91D9AC9D400824A88 /* ViewController.swift */; };
		017EA8DD1D9AC9D400824A88 /* Main.storyboard in Resources */ = {isa = PBXBuildFile; fileRef = 017EA8DB1D9AC9D400824A88 /* Main.storyboard */; };
		017EA8DF1D9AC9D400824A88 /* Assets.xcassets in Resources */ = {isa = PBXBuildFile; fileRef = 017EA8DE1D9AC9D400824A88 /* Assets.xcassets */; };
		017EA8E21D9AC9D400824A88 /* LaunchScreen.storyboard in Resources */ = {isa = PBXBuildFile; fileRef = 017EA8E01D9AC9D400824A88 /* LaunchScreen.storyboard */; };
		017EA8EB1D9E186700824A88 /* pound-yen-euro-dollar.png in Resources */ = {isa = PBXBuildFile; fileRef = 017EA8ED1D9E186700824A88 /* pound-yen-euro-dollar.png */; };
/* End PBXBuildFile section */

/* Begin PBXFileReference section */
		017EA8D41D9AC9D400824A88 /* CurrencyConverter.app */ = {isa = PBXFileReference; explicitFileType = wrapper.application; includeInIndex = 0; path = CurrencyConverter.app; sourceTree = BUILT_PRODUCTS_DIR; };
		017EA8D71D9AC9D400824A88 /* AppDelegate.swift */ = {isa = PBXFileReference; lastKnownFileType = sourcecode.swift; path = AppDelegate.swift; sourceTree = "<group>"; };
		017EA8D91D9AC9D400824A88 /* ViewController.swift */ = {isa = PBXFileReference; lastKnownFileType = sourcecode.swift; path = ViewController.swift; sourceTree = "<group>"; };
		017EA8DC1D9AC9D400824A88 /* Base */ = {isa = PBXFileReference; lastKnownFileType = file.storyboard; name = Base; path = Base.lproj/Main.storyboard; sourceTree = "<group>"; };
		017EA8DE1D9AC9D400824A88 /* Assets.xcassets */ = {isa = PBXFileReference; lastKnownFileType = folder.assetcatalog; path = Assets.xcassets; sourceTree = "<group>"; };
		017EA8E11D9AC9D400824A88 /* Base */ = {isa = PBXFileReference; lastKnownFileType = file.storyboard; name = Base; path = Base.lproj/LaunchScreen.storyboard; sourceTree = "<group>"; };
		017EA8E31D9AC9D400824A88 /* Info.plist */ = {isa = PBXFileReference; lastKnownFileType = text.plist.xml; path = Info.plist; sourceTree = "<group>"; };
		017EA8EC1D9E186700824A88 /* Base */ = {isa = PBXFileReference; lastKnownFileType = image.png; name = Base; path = "Base.lproj/pound-yen-euro-dollar.png"; sourceTree = "<group>"; };
/* End PBXFileReference section */

/* Begin PBXFrameworksBuildPhase section */
		017EA8D11D9AC9D400824A88 /* Frameworks */ = {
			isa = PBXFrameworksBuildPhase;
			buildActionMask = 2147483647;
			files = (
			);
			runOnlyForDeploymentPostprocessing = 0;
		};
/* End PBXFrameworksBuildPhase section */

/* Begin PBXGroup section */
		017EA8CB1D9AC9D400824A88 = {
			isa = PBXGroup;
			children = (
				017EA8D61D9AC9D400824A88 /* CurrencyConverter */,
				017EA8D51D9AC9D400824A88 /* Products */,
			);
			sourceTree = "<group>";
		};
		017EA8D51D9AC9D400824A88 /* Products */ = {
			isa = PBXGroup;
			children = (
				017EA8D41D9AC9D400824A88 /* CurrencyConverter.app */,
			);
			name = Products;
			sourceTree = "<group>";
		};
		017EA8D61D9AC9D400824A88 /* CurrencyConverter */ = {
			isa = PBXGroup;
			children = (
				017EA8D71D9AC9D400824A88 /* AppDelegate.swift */,
				017EA8D91D9AC9D400824A88 /* ViewController.swift */,
				017EA8DB1D9AC9D400824A88 /* Main.storyboard */,
				017EA8DE1D9AC9D400824A88 /* Assets.xcassets */,
				017EA8E01D9AC9D400824A88 /* LaunchScreen.storyboard */,
				017EA8ED1D9E186700824A88 /* pound-yen-euro-dollar.png */,
				017EA8E31D9AC9D400824A88 /* Info.plist */,
			);
			path = CurrencyConverter;
			sourceTree = "<group>";
		};
/* End PBXGroup section */

/* Begin PBXNativeTarget section */
		017EA8D31D9AC9D400824A88 /* CurrencyConverter */ = {
			isa = PBXNativeTarget;
			buildConfigurationList = 017EA8E61D9AC9D400824A88 /* Build configuration list for PBXNativeTarget "CurrencyConverter" */;
			buildPhases = (
				017EA8D01D9AC9D400824A88 /* Sources */,
				017EA8D11D9AC9D400824A88 /* Frameworks */,
				017EA8D21D9AC9D400824A88 /* Resources */,
			);
			buildRules = (
			);
			dependencies = (
			);
			name = CurrencyConverter;
			productName = CurrencyConverter;
			productReference = 017EA8D41D9AC9D400824A88 /* CurrencyConverter.app */;
			productType = "com.apple.product-type.application";
		};
/* End PBXNativeTarget section */

/* Begin PBXProject section */
		017EA8CC1D9AC9D400824A88 /* Project object */ = {
			isa = PBXProject;
			attributes = {
				LastSwiftUpdateCheck = 0800;
				LastUpgradeCheck = 0800;
				ORGANIZATIONNAME = MeganMitchell;
				TargetAttributes = {
					017EA8D31D9AC9D400824A88 = {
						CreatedOnToolsVersion = 8.0;
						ProvisioningStyle = Automatic;
					};
				};
			};
			buildConfigurationList = 017EA8CF1D9AC9D400824A88 /* Build configuration list for PBXProject "CurrencyConverter" */;
			compatibilityVersion = "Xcode 3.2";
			developmentRegion = English;
			hasScannedForEncodings = 0;
			knownRegions = (
				en,
				Base,
			);
			mainGroup = 017EA8CB1D9AC9D400824A88;
			productRefGroup = 017EA8D51D9AC9D400824A88 /* Products */;
			projectDirPath = "";
			projectRoot = "";
			targets = (
				017EA8D31D9AC9D400824A88 /* CurrencyConverter */,
			);
		};
/* End PBXProject section */

/* Begin PBXResourcesBuildPhase section */
		017EA8D21D9AC9D400824A88 /* Resources */ = {
			isa = PBXResourcesBuildPhase;
			buildActionMask = 2147483647;
			files = (
				017EA8E21D9AC9D400824A88 /* LaunchScreen.storyboard in Resources */,
				017EA8DF1D9AC9D400824A88 /* Assets.xcassets in Resources */,
				017EA8EB1D9E186700824A88 /* pound-yen-euro-dollar.png in Resources */,
				017EA8DD1D9AC9D400824A88 /* Main.storyboard in Resources */,
			);
			runOnlyForDeploymentPostprocessing = 0;
		};
/* End PBXResourcesBuildPhase section */

/* Begin PBXSourcesBuildPhase section */
		017EA8D01D9AC9D400824A88 /* Sources */ = {
			isa = PBXSourcesBuildPhase;
			buildActionMask = 2147483647;
			files = (
				017EA8DA1D9AC9D400824A88 /* ViewController.swift in Sources */,
				017EA8D81D9AC9D400824A88 /* AppDelegate.swift in Sources */,
			);
			runOnlyForDeploymentPostprocessing = 0;
		};
/* End PBXSourcesBuildPhase section */

/* Begin PBXVariantGroup section */
		017EA8DB1D9AC9D400824A88 /* Main.storyboard */ = {
			isa = PBXVariantGroup;
			children = (
				017EA8DC1D9AC9D400824A88 /* Base */,
			);
			name = Main.storyboard;
			sourceTree = "<group>";
		};
		017EA8E01D9AC9D400824A88 /* LaunchScreen.storyboard */ = {
			isa = PBXVariantGroup;
			children = (
				017EA8E11D9AC9D400824A88 /* Base */,
			);
			name = LaunchScreen.storyboard;
			sourceTree = "<group>";
		};
		017EA8ED1D9E186700824A88 /* pound-yen-euro-dollar.png */ = {
			isa = PBXVariantGroup;
			children = (
				017EA8EC1D9E186700824A88 /* Base */,
			);
			name = "pound-yen-euro-dollar.png";
			sourceTree = "<group>";
		};
/* End PBXVariantGroup section */

/* Begin XCBuildConfiguration section */
		017EA8E41D9AC9D400824A88 /* Debug */ = {
			isa = XCBuildConfiguration;
			buildSettings = {
				ALWAYS_SEARCH_USER_PATHS = NO;
				CLANG_ANALYZER_NONNULL = YES;
				CLANG_CXX_LANGUAGE_STANDARD = "gnu++0x";
				CLANG_CXX_LIBRARY = "libc++";
				CLANG_ENABLE_MODULES = YES;
				CLANG_ENABLE_OBJC_ARC = YES;
				CLANG_WARN_BOOL_CONVERSION = YES;
				CLANG_WARN_CONSTANT_CONVERSION = YES;
				CLANG_WARN_DIRECT_OBJC_ISA_USAGE = YES_ERROR;
				CLANG_WARN_DOCUMENTATION_COMMENTS = YES;
				CLANG_WARN_EMPTY_BODY = YES;
				CLANG_WARN_ENUM_CONVERSION = YES;
				CLANG_WARN_INFINITE_RECURSION = YES;
				CLANG_WARN_INT_CONVERSION = YES;
				CLANG_WARN_OBJC_ROOT_CLASS = YES_ERROR;
				CLANG_WARN_SUSPICIOUS_MOVES = YES;
				CLANG_WARN_UNREACHABLE_CODE = YES;
				CLANG_WARN__DUPLICATE_METHOD_MATCH = YES;
				"CODE_SIGN_IDENTITY[sdk=iphoneos*]" = "iPhone Developer";
				COPY_PHASE_STRIP = NO;
				DEBUG_INFORMATION_FORMAT = dwarf;
				ENABLE_STRICT_OBJC_MSGSEND = YES;
				ENABLE_TESTABILITY = YES;
				GCC_C_LANGUAGE_STANDARD = gnu99;
				GCC_DYNAMIC_NO_PIC = NO;
				GCC_NO_COMMON_BLOCKS = YES;
				GCC_OPTIMIZATION_LEVEL = 0;
				GCC_PREPROCESSOR_DEFINITIONS = (
					"DEBUG=1",
					"$(inherited)",
				);
				GCC_WARN_64_TO_32_BIT_CONVERSION = YES;
				GCC_WARN_ABOUT_RETURN_TYPE = YES_ERROR;
				GCC_WARN_UNDECLARED_SELECTOR = YES;
				GCC_WARN_UNINITIALIZED_AUTOS = YES_AGGRESSIVE;
				GCC_WARN_UNUSED_FUNCTION = YES;
				GCC_WARN_UNUSED_VARIABLE = YES;
				IPHONEOS_DEPLOYMENT_TARGET = 10.0;
				MTL_ENABLE_DEBUG_INFO = YES;
				ONLY_ACTIVE_ARCH = YES;
				SDKROOT = iphoneos;
				SWIFT_ACTIVE_COMPILATION_CONDITIONS = DEBUG;
				SWIFT_OPTIMIZATION_LEVEL = "-Onone";
				TARGETED_DEVICE_FAMILY = "1,2";
			};
			name = Debug;
		};
		017EA8E51D9AC9D400824A88 /* Release */ = {
			isa = XCBuildConfiguration;
			buildSettings = {
				ALWAYS_SEARCH_USER_PATHS = NO;
				CLANG_ANALYZER_NONNULL = YES;
				CLANG_CXX_LANGUAGE_STANDARD = "gnu++0x";
				CLANG_CXX_LIBRARY = "libc++";
				CLANG_ENABLE_MODULES = YES;
				CLANG_ENABLE_OBJC_ARC = YES;
				CLANG_WARN_BOOL_CONVERSION = YES;
				CLANG_WARN_CONSTANT_CONVERSION = YES;
				CLANG_WARN_DIRECT_OBJC_ISA_USAGE = YES_ERROR;
				CLANG_WARN_DOCUMENTATION_COMMENTS = YES;
				CLANG_WARN_EMPTY_BODY = YES;
				CLANG_WARN_ENUM_CONVERSION = YES;
				CLANG_WARN_INFINITE_RECURSION = YES;
				CLANG_WARN_INT_CONVERSION = YES;
				CLANG_WARN_OBJC_ROOT_CLASS = YES_ERROR;
				CLANG_WARN_SUSPICIOUS_MOVES = YES;
				CLANG_WARN_UNREACHABLE_CODE = YES;
				CLANG_WARN__DUPLICATE_METHOD_MATCH = YES;
				"CODE_SIGN_IDENTITY[sdk=iphoneos*]" = "iPhone Developer";
				COPY_PHASE_STRIP = NO;
				DEBUG_INFORMATION_FORMAT = "dwarf-with-dsym";
				ENABLE_NS_ASSERTIONS = NO;
				ENABLE_STRICT_OBJC_MSGSEND = YES;
				GCC_C_LANGUAGE_STANDARD = gnu99;
				GCC_NO_COMMON_BLOCKS = YES;
				GCC_WARN_64_TO_32_BIT_CONVERSION = YES;
				GCC_WARN_ABOUT_RETURN_TYPE = YES_ERROR;
				GCC_WARN_UNDECLARED_SELECTOR = YES;
				GCC_WARN_UNINITIALIZED_AUTOS = YES_AGGRESSIVE;
				GCC_WARN_UNUSED_FUNCTION = YES;
				GCC_WARN_UNUSED_VARIABLE = YES;
				IPHONEOS_DEPLOYMENT_TARGET = 10.0;
				MTL_ENABLE_DEBUG_INFO = NO;
				SDKROOT = iphoneos;
				SWIFT_OPTIMIZATION_LEVEL = "-Owholemodule";
				TARGETED_DEVICE_FAMILY = "1,2";
				VALIDATE_PRODUCT = YES;
			};
			name = Release;
		};
		017EA8E71D9AC9D400824A88 /* Debug */ = {
			isa = XCBuildConfiguration;
			buildSettings = {
				ASSETCATALOG_COMPILER_APPICON_NAME = AppIcon;
				INFOPLIST_FILE = CurrencyConverter/Info.plist;
				LD_RUNPATH_SEARCH_PATHS = "$(inherited) @executable_path/Frameworks";
				PRODUCT_BUNDLE_IDENTIFIER = com.meganmitchell.CurrencyConverter;
				PRODUCT_NAME = "$(TARGET_NAME)";
				SWIFT_VERSION = 3.0;
			};
			name = Debug;
		};
		017EA8E81D9AC9D400824A88 /* Release */ = {
			isa = XCBuildConfiguration;
			buildSettings = {
				ASSETCATALOG_COMPILER_APPICON_NAME = AppIcon;
				INFOPLIST_FILE = CurrencyConverter/Info.plist;
				LD_RUNPATH_SEARCH_PATHS = "$(inherited) @executable_path/Frameworks";
				PRODUCT_BUNDLE_IDENTIFIER = com.meganmitchell.CurrencyConverter;
				PRODUCT_NAME = "$(TARGET_NAME)";
				SWIFT_VERSION = 3.0;
			};
			name = Release;
		};
/* End XCBuildConfiguration section */

/* Begin XCConfigurationList section */
		017EA8CF1D9AC9D400824A88 /* Build configuration list for PBXProject "CurrencyConverter" */ = {
			isa = XCConfigurationList;
			buildConfigurations = (
				017EA8E41D9AC9D400824A88 /* Debug */,
				017EA8E51D9AC9D400824A88 /* Release */,
			);
			defaultConfigurationIsVisible = 0;
			defaultConfigurationName = Release;
		};
		017EA8E61D9AC9D400824A88 /* Build configuration list for PBXNativeTarget "CurrencyConverter" */ = {
			isa = XCConfigurationList;
			buildConfigurations = (
				017EA8E71D9AC9D400824A88 /* Debug */,
				017EA8E81D9AC9D400824A88 /* Release */,
			);
			defaultConfigurationIsVisible = 0;
			defaultConfigurationName = Release;
		};
/* End XCConfigurationList section */
	};
	rootObject = 017EA8CC1D9AC9D400824A88 /* Project object */;
}
